
Microsoft Visual Studio Solution File, Format Version 12.00
# Visual Studio Version 17
VisualStudioVersion = 17.2.32602.215
MinimumVisualStudioVersion = 10.0.40219.1
Project("{FAE04EC0-301F-11D3-BF4B-00C04F79EFBC}") = "NumberGuessingGame", "NumberGuessingGame\NumberGuessingGame.csproj", "{4BC8B192-DFB5-4DF8-904F-09C2C3A01C5E}"
EndProject
Global
	GlobalSection(SolutionConfigurationPlatforms) = preSolution
		Debug|Any CPU = Debug|Any CPU
		Release|Any CPU = Release|Any CPU
	EndGlobalSection
	GlobalSection(ProjectConfigurationPlatforms) = postSolution
		{4BC8B192-DFB5-4DF8-904F-09C2C3A01C5E}.Debug|Any CPU.ActiveCfg = Debug|Any CPU
		{4BC8B192-DFB5-4DF8-904F-09C2C3A01C5E}.Debug|Any CPU.Build.0 = Debug|Any CPU
		{4BC8B192-DFB5-4DF8-904F-09C2C3A01C5E}.Release|Any CPU.ActiveCfg = Release|Any CPU
		{4BC8B192-DFB5-4DF8-904F-09C2C3A01C5E}.Release|Any CPU.Build.0 = Release|Any CPU
	EndGlobalSection
	GlobalSection(SolutionProperties) = preSolution
		HideSolutionNode = FALSE
	EndGlobalSection
	GlobalSection(ExtensibilityGlobals) = postSolution
		SolutionGuid = {6F7561F2-F774-4105-A6E1-8C8632EFB735}
	EndGlobalSection
EndGlobal
